# THIS IS AN AUTOGENERATED FILE. DO NOT EDIT THIS FILE DIRECTLY.
# yarn lockfile v1


jquery-fancybox@^3.1.0:
  version "3.1.0"
  resolved "https://registry.yarnpkg.com/jquery-fancybox/-/jquery-fancybox-3.1.0.tgz#7e438bcb58539bcd4a4262f8d87d6c448ea3cf68"

jquery@^3.1.1:
  version "3.1.1"
  resolved "https://registry.yarnpkg.com/jquery/-/jquery-3.1.1.tgz#347c1c21c7e004115e0a4da32cece041fad3c8a3"
